<?xml version="1.0" encoding="utf-8"?>
<Project ToolsVersion="4.0" xmlns="http://schemas.microsoft.com/developer/msbuild/2003">
  <ItemGroup>
    <Filter Include="소스 파일">
      <UniqueIdentifier>{4FC737F1-C7A5-4376-A066-2A32D752A2FF}</UniqueIdentifier>
      <Extensions>cpp;c;cc;cxx;def;odl;idl;hpj;bat;asm;asmx</Extensions>
    </Filter>
    <Filter Include="리소스 파일">
      <UniqueIdentifier>{67DA6AB6-F800-4c08-8B7A-83BB121AAD01}</UniqueIdentifier>
      <Extensions>rc;ico;cur;bmp;dlg;rc2;rct;bin;rgs;gif;jpg;jpeg;jpe;resx;tiff;tif;png;wav;mfcribbon-ms</Extensions>
    </Filter>
    <Filter Include="헤더 파일">
      <UniqueIdentifier>{93995380-89BD-4b04-88EB-625FBE52EBFB}</UniqueIdentifier>
      <Extensions>h;hpp;hxx;hm;inl;inc;xsd</Extensions>
    </Filter>
    <Filter Include="헤더 파일\rapidjson">
      <UniqueIdentifier>{03ff3fe5-02d0-4bab-aab3-2e24b4aa632c}</UniqueIdentifier>
    </Filter>
    <Filter Include="헤더 파일\rapidjson\error">
      <UniqueIdentifier>{16a0ebc2-07fb-40ae-b64f-58ac7ea43f79}</UniqueIdentifier>
    </Filter>
    <Filter Include="헤더 파일\rapidjson\internal">
      <UniqueIdentifier>{8cdec7ee-9904-4276-8166-6a433693a3e4}</UniqueIdentifier>
    </Filter>
    <Filter Include="헤더 파일\rapidjson\msinttypes">
      <UniqueIdentifier>{fbbf4c97-0d66-4701-8119-d2298e118aae}</UniqueIdentifier>
    </Filter>
    <Filter Include="소스 파일\Utils">
      <UniqueIdentifier>{6f372b5b-709f-4683-82e0-df3de8a1cb39}</UniqueIdentifier>
    </Filter>
    <Filter Include="헤더 파일\utils">
      <UniqueIdentifier>{8ff53ccd-ba98-42ea-8c24-3fde644be859}</UniqueIdentifier>
    </Filter>
    <Filter Include="헤더 파일\DataSet">
      <UniqueIdentifier>{77e47175-91a5-4b43-a205-fef717429de2}</UniqueIdentifier>
    </Filter>
    <Filter Include="소스 파일\DataSet">
      <UniqueIdentifier>{47b41fae-566a-4863-9f97-f6746db61b3b}</UniqueIdentifier>
    </Filter>
  </ItemGroup>
  <ItemGroup>
    <ClCompile Include="main.cpp">
      <Filter>소스 파일</Filter>
    </ClCompile>
    <ClCompile Include="ConsoleManager.cpp">
      <Filter>소스 파일</Filter>
    </ClCompile>
    <ClCompile Include="MessageQueue.cpp">
      <Filter>소스 파일</Filter>
    </ClCompile>
    <ClCompile Include="DataSet\OrderQueue.cpp">
      <Filter>소스 파일\DataSet</Filter>
    </ClCompile>
    <ClCompile Include="RequestWorker.cpp">
      <Filter>소스 파일</Filter>
    </ClCompile>
    <ClCompile Include="Json.cpp">
      <Filter>소스 파일\Utils</Filter>
    </ClCompile>
    <ClCompile Include="PostOffice.cpp">
      <Filter>소스 파일</Filter>
    </ClCompile>
  </ItemGroup>
  <ItemGroup>
    <ClInclude Include="ConsoleLogger.h">
      <Filter>헤더 파일</Filter>
    </ClInclude>
    <ClInclude Include="rapidjson\allocators.h">
      <Filter>헤더 파일\rapidjson</Filter>
    </ClInclude>
    <ClInclude Include="rapidjson\document.h">
      <Filter>헤더 파일\rapidjson</Filter>
    </ClInclude>
    <ClInclude Include="rapidjson\encodedstream.h">
      <Filter>헤더 파일\rapidjson</Filter>
    </ClInclude>
    <ClInclude Include="rapidjson\encodings.h">
      <Filter>헤더 파일\rapidjson</Filter>
    </ClInclude>
    <ClInclude Include="rapidjson\filereadstream.h">
      <Filter>헤더 파일\rapidjson</Filter>
    </ClInclude>
    <ClInclude Include="rapidjson\filestream.h">
      <Filter>헤더 파일\rapidjson</Filter>
    </ClInclude>
    <ClInclude Include="rapidjson\filewritestream.h">
      <Filter>헤더 파일\rapidjson</Filter>
    </ClInclude>
    <ClInclude Include="rapidjson\memorybuffer.h">
      <Filter>헤더 파일\rapidjson</Filter>
    </ClInclude>
    <ClInclude Include="rapidjson\memorystream.h">
      <Filter>헤더 파일\rapidjson</Filter>
    </ClInclude>
    <ClInclude Include="rapidjson\prettywriter.h">
      <Filter>헤더 파일\rapidjson</Filter>
    </ClInclude>
    <ClInclude Include="rapidjson\rapidjson.h">
      <Filter>헤더 파일\rapidjson</Filter>
    </ClInclude>
    <ClInclude Include="rapidjson\reader.h">
      <Filter>헤더 파일\rapidjson</Filter>
    </ClInclude>
    <ClInclude Include="rapidjson\stringbuffer.h">
      <Filter>헤더 파일\rapidjson</Filter>
    </ClInclude>
    <ClInclude Include="rapidjson\writer.h">
      <Filter>헤더 파일\rapidjson</Filter>
    </ClInclude>
    <ClInclude Include="rapidjson\error\en.h">
      <Filter>헤더 파일\rapidjson\error</Filter>
    </ClInclude>
    <ClInclude Include="rapidjson\error\error.h">
      <Filter>헤더 파일\rapidjson\error</Filter>
    </ClInclude>
    <ClInclude Include="rapidjson\internal\dtoa.h">
      <Filter>헤더 파일\rapidjson\internal</Filter>
    </ClInclude>
    <ClInclude Include="rapidjson\internal\itoa.h">
      <Filter>헤더 파일\rapidjson\internal</Filter>
    </ClInclude>
    <ClInclude Include="rapidjson\internal\meta.h">
      <Filter>헤더 파일\rapidjson\internal</Filter>
    </ClInclude>
    <ClInclude Include="rapidjson\internal\pow10.h">
      <Filter>헤더 파일\rapidjson\internal</Filter>
    </ClInclude>
    <ClInclude Include="rapidjson\internal\stack.h">
      <Filter>헤더 파일\rapidjson\internal</Filter>
    </ClInclude>
    <ClInclude Include="rapidjson\internal\strfunc.h">
      <Filter>헤더 파일\rapidjson\internal</Filter>
    </ClInclude>
    <ClInclude Include="rapidjson\msinttypes\inttypes.h">
      <Filter>헤더 파일\rapidjson\msinttypes</Filter>
    </ClInclude>
    <ClInclude Include="rapidjson\msinttypes\stdint.h">
      <Filter>헤더 파일\rapidjson\msinttypes</Filter>
    </ClInclude>
    <ClInclude Include="MessageQueue.h">
      <Filter>헤더 파일</Filter>
    </ClInclude>
    <ClInclude Include="DataSet\MessageQueueData.h">
      <Filter>헤더 파일\DataSet</Filter>
    </ClInclude>
    <ClInclude Include="DataSet\OrderQueue.h">
      <Filter>헤더 파일\DataSet</Filter>
    </ClInclude>
    <ClInclude Include="RequestWorker.h">
      <Filter>헤더 파일</Filter>
    </ClInclude>
    <ClInclude Include="PostOffice.h">
      <Filter>헤더 파일</Filter>
    </ClInclude>
    <ClInclude Include="Json.h">
      <Filter>헤더 파일\utils</Filter>
    </ClInclude>
    <ClInclude Include="Config.h">
      <Filter>헤더 파일</Filter>
    </ClInclude>
    <ClInclude Include="Serializable.h">
      <Filter>헤더 파일</Filter>
    </ClInclude>
  </ItemGroup>
</Project>